
Microsoft Visual Studio Solution File, Format Version 12.00
# Visual Studio 15
VisualStudioVersion = 15.0.34526.175
MinimumVisualStudioVersion = 10.0.40219.1
Project("{FAE04EC0-301F-11D3-BF4B-00C04F79EFBC}") = "ContasAPagar", "ContasAPagar\ContasAPagar.csproj", "{C22BB874-442A-474E-8C96-68DB32021315}"
EndProject
Project("{54435603-DBB4-11D2-8724-00A0C9A8B90C}") = "ContasAPagarSetup", "ContasAPagarSetup\ContasAPagarSetup.vdproj", "{53E93E94-7AFF-4E87-929E-05770E269DFA}"
EndProject
Global
	GlobalSection(SolutionConfigurationPlatforms) = preSolution
		Debug|Any CPU = Debug|Any CPU
		Release|Any CPU = Release|Any CPU
	EndGlobalSection
	GlobalSection(ProjectConfigurationPlatforms) = postSolution
		{C22BB874-442A-474E-8C96-68DB32021315}.Debug|Any CPU.ActiveCfg = Debug|Any CPU
		{C22BB874-442A-474E-8C96-68DB32021315}.Debug|Any CPU.Build.0 = Debug|Any CPU
		{C22BB874-442A-474E-8C96-68DB32021315}.Release|Any CPU.ActiveCfg = Release|Any CPU
		{C22BB874-442A-474E-8C96-68DB32021315}.Release|Any CPU.Build.0 = Release|Any CPU
		{53E93E94-7AFF-4E87-929E-05770E269DFA}.Debug|Any CPU.ActiveCfg = Debug
		{53E93E94-7AFF-4E87-929E-05770E269DFA}.Release|Any CPU.ActiveCfg = Release
	EndGlobalSection
	GlobalSection(SolutionProperties) = preSolution
		HideSolutionNode = FALSE
	EndGlobalSection
	GlobalSection(ExtensibilityGlobals) = postSolution
		SolutionGuid = {9E097C64-A005-4F93-8BD1-DA13B63F5A05}
	EndGlobalSection
EndGlobal
